// !$*UTF8*$!
{
	archiveVersion = 1;
	classes = {
	};
	objectVersion = 50;
	objects = {

/* Begin PBXBuildFile section */
		F11D40A62541CC5700985A54 /* UserSettings.swift in Sources */ = {isa = PBXBuildFile; fileRef = F11D40A52541CC5700985A54 /* UserSettings.swift */; };
		F1250AAD253480DC00040D6E /* Extensions.swift in Sources */ = {isa = PBXBuildFile; fileRef = F1250AAC253480DC00040D6E /* Extensions.swift */; };
		F1535AED25378261007A8C44 /* 19950.otf in Resources */ = {isa = PBXBuildFile; fileRef = F1535AEB253781CA007A8C44 /* 19950.otf */; };
		F155925725506305000C288E /* UserRecords.swift in Sources */ = {isa = PBXBuildFile; fileRef = F155925625506305000C288E /* UserRecords.swift */; };
		F186623C251CE7F6000395BC /* AppDelegate.swift in Sources */ = {isa = PBXBuildFile; fileRef = F186623B251CE7F6000395BC /* AppDelegate.swift */; };
		F1866240251CE7F6000395BC /* ViewController.swift in Sources */ = {isa = PBXBuildFile; fileRef = F186623F251CE7F6000395BC /* ViewController.swift */; };
		F1866243251CE7F6000395BC /* Main.storyboard in Resources */ = {isa = PBXBuildFile; fileRef = F1866241251CE7F6000395BC /* Main.storyboard */; };
		F1866245251CE7F8000395BC /* Assets.xcassets in Resources */ = {isa = PBXBuildFile; fileRef = F1866244251CE7F8000395BC /* Assets.xcassets */; };
		F1866248251CE7F8000395BC /* LaunchScreen.storyboard in Resources */ = {isa = PBXBuildFile; fileRef = F1866246251CE7F8000395BC /* LaunchScreen.storyboard */; };
		F1866250251CEA1B000395BC /* NewGameViewController.swift in Sources */ = {isa = PBXBuildFile; fileRef = F186624F251CEA1B000395BC /* NewGameViewController.swift */; };
		F1866252251CEA28000395BC /* RecordsViewController.swift in Sources */ = {isa = PBXBuildFile; fileRef = F1866251251CEA28000395BC /* RecordsViewController.swift */; };
		F1866254251CEA36000395BC /* SettingsViewController.swift in Sources */ = {isa = PBXBuildFile; fileRef = F1866253251CEA36000395BC /* SettingsViewController.swift */; };
/* End PBXBuildFile section */

/* Begin PBXFileReference section */
		F11D40A52541CC5700985A54 /* UserSettings.swift */ = {isa = PBXFileReference; lastKnownFileType = sourcecode.swift; path = UserSettings.swift; sourceTree = "<group>"; };
		F1250AAC253480DC00040D6E /* Extensions.swift */ = {isa = PBXFileReference; lastKnownFileType = sourcecode.swift; path = Extensions.swift; sourceTree = "<group>"; };
		F1535AEB253781CA007A8C44 /* 19950.otf */ = {isa = PBXFileReference; lastKnownFileType = file; path = 19950.otf; sourceTree = "<group>"; };
		F155925625506305000C288E /* UserRecords.swift */ = {isa = PBXFileReference; lastKnownFileType = sourcecode.swift; path = UserRecords.swift; sourceTree = "<group>"; };
		F1866238251CE7F6000395BC /* ProjectRace.app */ = {isa = PBXFileReference; explicitFileType = wrapper.application; includeInIndex = 0; path = ProjectRace.app; sourceTree = BUILT_PRODUCTS_DIR; };
		F186623B251CE7F6000395BC /* AppDelegate.swift */ = {isa = PBXFileReference; lastKnownFileType = sourcecode.swift; path = AppDelegate.swift; sourceTree = "<group>"; };
		F186623F251CE7F6000395BC /* ViewController.swift */ = {isa = PBXFileReference; lastKnownFileType = sourcecode.swift; path = ViewController.swift; sourceTree = "<group>"; };
		F1866242251CE7F6000395BC /* Base */ = {isa = PBXFileReference; lastKnownFileType = file.storyboard; name = Base; path = Base.lproj/Main.storyboard; sourceTree = "<group>"; };
		F1866244251CE7F8000395BC /* Assets.xcassets */ = {isa = PBXFileReference; lastKnownFileType = folder.assetcatalog; path = Assets.xcassets; sourceTree = "<group>"; };
		F1866247251CE7F8000395BC /* Base */ = {isa = PBXFileReference; lastKnownFileType = file.storyboard; name = Base; path = Base.lproj/LaunchScreen.storyboard; sourceTree = "<group>"; };
		F1866249251CE7F8000395BC /* Info.plist */ = {isa = PBXFileReference; lastKnownFileType = text.plist.xml; path = Info.plist; sourceTree = "<group>"; };
		F186624F251CEA1B000395BC /* NewGameViewController.swift */ = {isa = PBXFileReference; lastKnownFileType = sourcecode.swift; path = NewGameViewController.swift; sourceTree = "<group>"; };
		F1866251251CEA28000395BC /* RecordsViewController.swift */ = {isa = PBXFileReference; lastKnownFileType = sourcecode.swift; path = RecordsViewController.swift; sourceTree = "<group>"; };
		F1866253251CEA36000395BC /* SettingsViewController.swift */ = {isa = PBXFileReference; lastKnownFileType = sourcecode.swift; path = SettingsViewController.swift; sourceTree = "<group>"; };
/* End PBXFileReference section */

/* Begin PBXFrameworksBuildPhase section */
		F1866235251CE7F6000395BC /* Frameworks */ = {
			isa = PBXFrameworksBuildPhase;
			buildActionMask = 2147483647;
			files = (
			);
			runOnlyForDeploymentPostprocessing = 0;
		};
/* End PBXFrameworksBuildPhase section */

/* Begin PBXGroup section */
		F1535AEC253781D2007A8C44 /* Fonts */ = {
			isa = PBXGroup;
			children = (
				F1535AEB253781CA007A8C44 /* 19950.otf */,
			);
			path = Fonts;
			sourceTree = "<group>";
		};
		F186622F251CE7F6000395BC = {
			isa = PBXGroup;
			children = (
				F186623A251CE7F6000395BC /* ProjectRace */,
				F1866239251CE7F6000395BC /* Products */,
			);
			sourceTree = "<group>";
		};
		F1866239251CE7F6000395BC /* Products */ = {
			isa = PBXGroup;
			children = (
				F1866238251CE7F6000395BC /* ProjectRace.app */,
			);
			name = Products;
			sourceTree = "<group>";
		};
		F186623A251CE7F6000395BC /* ProjectRace */ = {
			isa = PBXGroup;
			children = (
				F186623B251CE7F6000395BC /* AppDelegate.swift */,
				F186623F251CE7F6000395BC /* ViewController.swift */,
				F1866241251CE7F6000395BC /* Main.storyboard */,
				F1866244251CE7F8000395BC /* Assets.xcassets */,
				F1866246251CE7F8000395BC /* LaunchScreen.storyboard */,
				F1866249251CE7F8000395BC /* Info.plist */,
				F186624F251CEA1B000395BC /* NewGameViewController.swift */,
				F1866251251CEA28000395BC /* RecordsViewController.swift */,
				F1866253251CEA36000395BC /* SettingsViewController.swift */,
				F1250AAC253480DC00040D6E /* Extensions.swift */,
				F155925625506305000C288E /* UserRecords.swift */,
				F11D40A52541CC5700985A54 /* UserSettings.swift */,
				F1535AEC253781D2007A8C44 /* Fonts */,
			);
			path = ProjectRace;
			sourceTree = "<group>";
		};
/* End PBXGroup section */

/* Begin PBXNativeTarget section */
		F1866237251CE7F6000395BC /* ProjectRace */ = {
			isa = PBXNativeTarget;
			buildConfigurationList = F186624C251CE7F8000395BC /* Build configuration list for PBXNativeTarget "ProjectRace" */;
			buildPhases = (
				F1866234251CE7F6000395BC /* Sources */,
				F1866235251CE7F6000395BC /* Frameworks */,
				F1866236251CE7F6000395BC /* Resources */,
			);
			buildRules = (
			);
			dependencies = (
			);
			name = ProjectRace;
			productName = ProjectRace;
			productReference = F1866238251CE7F6000395BC /* ProjectRace.app */;
			productType = "com.apple.product-type.application";
		};
/* End PBXNativeTarget section */

/* Begin PBXProject section */
		F1866230251CE7F6000395BC /* Project object */ = {
			isa = PBXProject;
			attributes = {
				LastSwiftUpdateCheck = 1200;
				LastUpgradeCheck = 1200;
				TargetAttributes = {
					F1866237251CE7F6000395BC = {
						CreatedOnToolsVersion = 12.0;
					};
				};
			};
			buildConfigurationList = F1866233251CE7F6000395BC /* Build configuration list for PBXProject "ProjectRace" */;
			compatibilityVersion = "Xcode 9.3";
			developmentRegion = en;
			hasScannedForEncodings = 0;
			knownRegions = (
				en,
				Base,
			);
			mainGroup = F186622F251CE7F6000395BC;
			productRefGroup = F1866239251CE7F6000395BC /* Products */;
			projectDirPath = "";
			projectRoot = "";
			targets = (
				F1866237251CE7F6000395BC /* ProjectRace */,
			);
		};
/* End PBXProject section */

/* Begin PBXResourcesBuildPhase section */
		F1866236251CE7F6000395BC /* Resources */ = {
			isa = PBXResourcesBuildPhase;
			buildActionMask = 2147483647;
			files = (
				F1535AED25378261007A8C44 /* 19950.otf in Resources */,
				F1866248251CE7F8000395BC /* LaunchScreen.storyboard in Resources */,
				F1866245251CE7F8000395BC /* Assets.xcassets in Resources */,
				F1866243251CE7F6000395BC /* Main.storyboard in Resources */,
			);
			runOnlyForDeploymentPostprocessing = 0;
		};
/* End PBXResourcesBuildPhase section */

/* Begin PBXSourcesBuildPhase section */
		F1866234251CE7F6000395BC /* Sources */ = {
			isa = PBXSourcesBuildPhase;
			buildActionMask = 2147483647;
			files = (
				F1866240251CE7F6000395BC /* ViewController.swift in Sources */,
				F1250AAD253480DC00040D6E /* Extensions.swift in Sources */,
				F1866250251CEA1B000395BC /* NewGameViewController.swift in Sources */,
				F186623C251CE7F6000395BC /* AppDelegate.swift in Sources */,
				F11D40A62541CC5700985A54 /* UserSettings.swift in Sources */,
				F155925725506305000C288E /* UserRecords.swift in Sources */,
				F1866252251CEA28000395BC /* RecordsViewController.swift in Sources */,
				F1866254251CEA36000395BC /* SettingsViewController.swift in Sources */,
			);
			runOnlyForDeploymentPostprocessing = 0;
		};
/* End PBXSourcesBuildPhase section */

/* Begin PBXVariantGroup section */
		F1866241251CE7F6000395BC /* Main.storyboard */ = {
			isa = PBXVariantGroup;
			children = (
				F1866242251CE7F6000395BC /* Base */,
			);
			name = Main.storyboard;
			sourceTree = "<group>";
		};
		F1866246251CE7F8000395BC /* LaunchScreen.storyboard */ = {
			isa = PBXVariantGroup;
			children = (
				F1866247251CE7F8000395BC /* Base */,
			);
			name = LaunchScreen.storyboard;
			sourceTree = "<group>";
		};
/* End PBXVariantGroup section */

/* Begin XCBuildConfiguration section */
		F186624A251CE7F8000395BC /* Debug */ = {
			isa = XCBuildConfiguration;
			buildSettings = {
				ALWAYS_SEARCH_USER_PATHS = NO;
				CLANG_ANALYZER_NONNULL = YES;
				CLANG_ANALYZER_NUMBER_OBJECT_CONVERSION = YES_AGGRESSIVE;
				CLANG_CXX_LANGUAGE_STANDARD = "gnu++14";
				CLANG_CXX_LIBRARY = "libc++";
				CLANG_ENABLE_MODULES = YES;
				CLANG_ENABLE_OBJC_ARC = YES;
				CLANG_ENABLE_OBJC_WEAK = YES;
				CLANG_WARN_BLOCK_CAPTURE_AUTORELEASING = YES;
				CLANG_WARN_BOOL_CONVERSION = YES;
				CLANG_WARN_COMMA = YES;
				CLANG_WARN_CONSTANT_CONVERSION = YES;
				CLANG_WARN_DEPRECATED_OBJC_IMPLEMENTATIONS = YES;
				CLANG_WARN_DIRECT_OBJC_ISA_USAGE = YES_ERROR;
				CLANG_WARN_DOCUMENTATION_COMMENTS = YES;
				CLANG_WARN_EMPTY_BODY = YES;
				CLANG_WARN_ENUM_CONVERSION = YES;
				CLANG_WARN_INFINITE_RECURSION = YES;
				CLANG_WARN_INT_CONVERSION = YES;
				CLANG_WARN_NON_LITERAL_NULL_CONVERSION = YES;
				CLANG_WARN_OBJC_IMPLICIT_RETAIN_SELF = YES;
				CLANG_WARN_OBJC_LITERAL_CONVERSION = YES;
				CLANG_WARN_OBJC_ROOT_CLASS = YES_ERROR;
				CLANG_WARN_QUOTED_INCLUDE_IN_FRAMEWORK_HEADER = YES;
				CLANG_WARN_RANGE_LOOP_ANALYSIS = YES;
				CLANG_WARN_STRICT_PROTOTYPES = YES;
				CLANG_WARN_SUSPICIOUS_MOVE = YES;
				CLANG_WARN_UNGUARDED_AVAILABILITY = YES_AGGRESSIVE;
				CLANG_WARN_UNREACHABLE_CODE = YES;
				CLANG_WARN__DUPLICATE_METHOD_MATCH = YES;
				COPY_PHASE_STRIP = NO;
				DEBUG_INFORMATION_FORMAT = dwarf;
				ENABLE_STRICT_OBJC_MSGSEND = YES;
				ENABLE_TESTABILITY = YES;
				GCC_C_LANGUAGE_STANDARD = gnu11;
				GCC_DYNAMIC_NO_PIC = NO;
				GCC_NO_COMMON_BLOCKS = YES;
				GCC_OPTIMIZATION_LEVEL = 0;
				GCC_PREPROCESSOR_DEFINITIONS = (
					"DEBUG=1",
					"$(inherited)",
				);
				GCC_WARN_64_TO_32_BIT_CONVERSION = YES;
				GCC_WARN_ABOUT_RETURN_TYPE = YES_ERROR;
				GCC_WARN_UNDECLARED_SELECTOR = YES;
				GCC_WARN_UNINITIALIZED_AUTOS = YES_AGGRESSIVE;
				GCC_WARN_UNUSED_FUNCTION = YES;
				GCC_WARN_UNUSED_VARIABLE = YES;
				IPHONEOS_DEPLOYMENT_TARGET = 14.0;
				MTL_ENABLE_DEBUG_INFO = INCLUDE_SOURCE;
				MTL_FAST_MATH = YES;
				ONLY_ACTIVE_ARCH = YES;
				SDKROOT = iphoneos;
				SWIFT_ACTIVE_COMPILATION_CONDITIONS = DEBUG;
				SWIFT_OPTIMIZATION_LEVEL = "-Onone";
			};
			name = Debug;
		};
		F186624B251CE7F8000395BC /* Release */ = {
			isa = XCBuildConfiguration;
			buildSettings = {
				ALWAYS_SEARCH_USER_PATHS = NO;
				CLANG_ANALYZER_NONNULL = YES;
				CLANG_ANALYZER_NUMBER_OBJECT_CONVERSION = YES_AGGRESSIVE;
				CLANG_CXX_LANGUAGE_STANDARD = "gnu++14";
				CLANG_CXX_LIBRARY = "libc++";
				CLANG_ENABLE_MODULES = YES;
				CLANG_ENABLE_OBJC_ARC = YES;
				CLANG_ENABLE_OBJC_WEAK = YES;
				CLANG_WARN_BLOCK_CAPTURE_AUTORELEASING = YES;
				CLANG_WARN_BOOL_CONVERSION = YES;
				CLANG_WARN_COMMA = YES;
				CLANG_WARN_CONSTANT_CONVERSION = YES;
				CLANG_WARN_DEPRECATED_OBJC_IMPLEMENTATIONS = YES;
				CLANG_WARN_DIRECT_OBJC_ISA_USAGE = YES_ERROR;
				CLANG_WARN_DOCUMENTATION_COMMENTS = YES;
				CLANG_WARN_EMPTY_BODY = YES;
				CLANG_WARN_ENUM_CONVERSION = YES;
				CLANG_WARN_INFINITE_RECURSION = YES;
				CLANG_WARN_INT_CONVERSION = YES;
				CLANG_WARN_NON_LITERAL_NULL_CONVERSION = YES;
				CLANG_WARN_OBJC_IMPLICIT_RETAIN_SELF = YES;
				CLANG_WARN_OBJC_LITERAL_CONVERSION = YES;
				CLANG_WARN_OBJC_ROOT_CLASS = YES_ERROR;
				CLANG_WARN_QUOTED_INCLUDE_IN_FRAMEWORK_HEADER = YES;
				CLANG_WARN_RANGE_LOOP_ANALYSIS = YES;
				CLANG_WARN_STRICT_PROTOTYPES = YES;
				CLANG_WARN_SUSPICIOUS_MOVE = YES;
				CLANG_WARN_UNGUARDED_AVAILABILITY = YES_AGGRESSIVE;
				CLANG_WARN_UNREACHABLE_CODE = YES;
				CLANG_WARN__DUPLICATE_METHOD_MATCH = YES;
				COPY_PHASE_STRIP = NO;
				DEBUG_INFORMATION_FORMAT = "dwarf-with-dsym";
				ENABLE_NS_ASSERTIONS = NO;
				ENABLE_STRICT_OBJC_MSGSEND = YES;
				GCC_C_LANGUAGE_STANDARD = gnu11;
				GCC_NO_COMMON_BLOCKS = YES;
				GCC_WARN_64_TO_32_BIT_CONVERSION = YES;
				GCC_WARN_ABOUT_RETURN_TYPE = YES_ERROR;
				GCC_WARN_UNDECLARED_SELECTOR = YES;
				GCC_WARN_UNINITIALIZED_AUTOS = YES_AGGRESSIVE;
				GCC_WARN_UNUSED_FUNCTION = YES;
				GCC_WARN_UNUSED_VARIABLE = YES;
				IPHONEOS_DEPLOYMENT_TARGET = 14.0;
				MTL_ENABLE_DEBUG_INFO = NO;
				MTL_FAST_MATH = YES;
				SDKROOT = iphoneos;
				SWIFT_COMPILATION_MODE = wholemodule;
				SWIFT_OPTIMIZATION_LEVEL = "-O";
				VALIDATE_PRODUCT = YES;
			};
			name = Release;
		};
		F186624D251CE7F8000395BC /* Debug */ = {
			isa = XCBuildConfiguration;
			buildSettings = {
				ASSETCATALOG_COMPILER_APPICON_NAME = AppIcon;
				ASSETCATALOG_COMPILER_GLOBAL_ACCENT_COLOR_NAME = AccentColor;
				CODE_SIGN_STYLE = Automatic;
				DEVELOPMENT_TEAM = 6JW3YQAPPF;
				INFOPLIST_FILE = ProjectRace/Info.plist;
				LD_RUNPATH_SEARCH_PATHS = (
					"$(inherited)",
					"@executable_path/Frameworks",
				);
				PRODUCT_BUNDLE_IDENTIFIER = me.altmurzilka.ProjectRace;
				PRODUCT_NAME = "$(TARGET_NAME)";
				SWIFT_VERSION = 5.0;
				TARGETED_DEVICE_FAMILY = "1,2";
			};
			name = Debug;
		};
		F186624E251CE7F8000395BC /* Release */ = {
			isa = XCBuildConfiguration;
			buildSettings = {
				ASSETCATALOG_COMPILER_APPICON_NAME = AppIcon;
				ASSETCATALOG_COMPILER_GLOBAL_ACCENT_COLOR_NAME = AccentColor;
				CODE_SIGN_STYLE = Automatic;
				DEVELOPMENT_TEAM = 6JW3YQAPPF;
				INFOPLIST_FILE = ProjectRace/Info.plist;
				LD_RUNPATH_SEARCH_PATHS = (
					"$(inherited)",
					"@executable_path/Frameworks",
				);
				PRODUCT_BUNDLE_IDENTIFIER = me.altmurzilka.ProjectRace;
				PRODUCT_NAME = "$(TARGET_NAME)";
				SWIFT_VERSION = 5.0;
				TARGETED_DEVICE_FAMILY = "1,2";
			};
			name = Release;
		};
/* End XCBuildConfiguration section */

/* Begin XCConfigurationList section */
		F1866233251CE7F6000395BC /* Build configuration list for PBXProject "ProjectRace" */ = {
			isa = XCConfigurationList;
			buildConfigurations = (
				F186624A251CE7F8000395BC /* Debug */,
				F186624B251CE7F8000395BC /* Release */,
			);
			defaultConfigurationIsVisible = 0;
			defaultConfigurationName = Release;
		};
		F186624C251CE7F8000395BC /* Build configuration list for PBXNativeTarget "ProjectRace" */ = {
			isa = XCConfigurationList;
			buildConfigurations = (
				F186624D251CE7F8000395BC /* Debug */,
				F186624E251CE7F8000395BC /* Release */,
			);
			defaultConfigurationIsVisible = 0;
			defaultConfigurationName = Release;
		};
/* End XCConfigurationList section */
	};
	rootObject = F1866230251CE7F6000395BC /* Project object */;
}
