// !$*UTF8*$!
{
	archiveVersion = 1;
	classes = {
	};
	objectVersion = 50;
	objects = {

/* Begin PBXBuildFile section */
		F104210E251B680C00F45471 /* AppDelegate.swift in Sources */ = {isa = PBXBuildFile; fileRef = F104210D251B680C00F45471 /* AppDelegate.swift */; };
		F1042110251B680C00F45471 /* SceneDelegate.swift in Sources */ = {isa = PBXBuildFile; fileRef = F104210F251B680C00F45471 /* SceneDelegate.swift */; };
		F1042112251B680C00F45471 /* ViewController.swift in Sources */ = {isa = PBXBuildFile; fileRef = F1042111251B680C00F45471 /* ViewController.swift */; };
		F1042115251B680C00F45471 /* Main.storyboard in Resources */ = {isa = PBXBuildFile; fileRef = F1042113251B680C00F45471 /* Main.storyboard */; };
		F1042117251B680E00F45471 /* Assets.xcassets in Resources */ = {isa = PBXBuildFile; fileRef = F1042116251B680E00F45471 /* Assets.xcassets */; };
		F104211A251B680E00F45471 /* LaunchScreen.storyboard in Resources */ = {isa = PBXBuildFile; fileRef = F1042118251B680E00F45471 /* LaunchScreen.storyboard */; };
		F1042122251B69B500F45471 /* SecondViewController.swift in Sources */ = {isa = PBXBuildFile; fileRef = F1042121251B69B500F45471 /* SecondViewController.swift */; };
		F108D7D9251CB87700D6D75F /* ThirdViewController.swift in Sources */ = {isa = PBXBuildFile; fileRef = F108D7D8251CB87700D6D75F /* ThirdViewController.swift */; };
		F108D7DB251CB89600D6D75F /* ForthViewController.swift in Sources */ = {isa = PBXBuildFile; fileRef = F108D7DA251CB89600D6D75F /* ForthViewController.swift */; };
		F108D7DD251CB8AC00D6D75F /* FifthViewController.swift in Sources */ = {isa = PBXBuildFile; fileRef = F108D7DC251CB8AC00D6D75F /* FifthViewController.swift */; };
/* End PBXBuildFile section */

/* Begin PBXFileReference section */
		F104210A251B680C00F45471 /* ProjectPea.app */ = {isa = PBXFileReference; explicitFileType = wrapper.application; includeInIndex = 0; path = ProjectPea.app; sourceTree = BUILT_PRODUCTS_DIR; };
		F104210D251B680C00F45471 /* AppDelegate.swift */ = {isa = PBXFileReference; lastKnownFileType = sourcecode.swift; path = AppDelegate.swift; sourceTree = "<group>"; };
		F104210F251B680C00F45471 /* SceneDelegate.swift */ = {isa = PBXFileReference; lastKnownFileType = sourcecode.swift; path = SceneDelegate.swift; sourceTree = "<group>"; };
		F1042111251B680C00F45471 /* ViewController.swift */ = {isa = PBXFileReference; lastKnownFileType = sourcecode.swift; path = ViewController.swift; sourceTree = "<group>"; };
		F1042114251B680C00F45471 /* Base */ = {isa = PBXFileReference; lastKnownFileType = file.storyboard; name = Base; path = Base.lproj/Main.storyboard; sourceTree = "<group>"; };
		F1042116251B680E00F45471 /* Assets.xcassets */ = {isa = PBXFileReference; lastKnownFileType = folder.assetcatalog; path = Assets.xcassets; sourceTree = "<group>"; };
		F1042119251B680E00F45471 /* Base */ = {isa = PBXFileReference; lastKnownFileType = file.storyboard; name = Base; path = Base.lproj/LaunchScreen.storyboard; sourceTree = "<group>"; };
		F104211B251B680E00F45471 /* Info.plist */ = {isa = PBXFileReference; lastKnownFileType = text.plist.xml; path = Info.plist; sourceTree = "<group>"; };
		F1042121251B69B500F45471 /* SecondViewController.swift */ = {isa = PBXFileReference; lastKnownFileType = sourcecode.swift; path = SecondViewController.swift; sourceTree = "<group>"; };
		F108D7D8251CB87700D6D75F /* ThirdViewController.swift */ = {isa = PBXFileReference; lastKnownFileType = sourcecode.swift; path = ThirdViewController.swift; sourceTree = "<group>"; };
		F108D7DA251CB89600D6D75F /* ForthViewController.swift */ = {isa = PBXFileReference; lastKnownFileType = sourcecode.swift; path = ForthViewController.swift; sourceTree = "<group>"; };
		F108D7DC251CB8AC00D6D75F /* FifthViewController.swift */ = {isa = PBXFileReference; lastKnownFileType = sourcecode.swift; path = FifthViewController.swift; sourceTree = "<group>"; };
/* End PBXFileReference section */

/* Begin PBXFrameworksBuildPhase section */
		F1042107251B680C00F45471 /* Frameworks */ = {
			isa = PBXFrameworksBuildPhase;
			buildActionMask = 2147483647;
			files = (
			);
			runOnlyForDeploymentPostprocessing = 0;
		};
/* End PBXFrameworksBuildPhase section */

/* Begin PBXGroup section */
		F1042101251B680C00F45471 = {
			isa = PBXGroup;
			children = (
				F104210C251B680C00F45471 /* ProjectPea */,
				F104210B251B680C00F45471 /* Products */,
			);
			sourceTree = "<group>";
		};
		F104210B251B680C00F45471 /* Products */ = {
			isa = PBXGroup;
			children = (
				F104210A251B680C00F45471 /* ProjectPea.app */,
			);
			name = Products;
			sourceTree = "<group>";
		};
		F104210C251B680C00F45471 /* ProjectPea */ = {
			isa = PBXGroup;
			children = (
				F104210D251B680C00F45471 /* AppDelegate.swift */,
				F104210F251B680C00F45471 /* SceneDelegate.swift */,
				F1042111251B680C00F45471 /* ViewController.swift */,
				F1042113251B680C00F45471 /* Main.storyboard */,
				F1042116251B680E00F45471 /* Assets.xcassets */,
				F1042118251B680E00F45471 /* LaunchScreen.storyboard */,
				F104211B251B680E00F45471 /* Info.plist */,
				F1042121251B69B500F45471 /* SecondViewController.swift */,
				F108D7D8251CB87700D6D75F /* ThirdViewController.swift */,
				F108D7DA251CB89600D6D75F /* ForthViewController.swift */,
				F108D7DC251CB8AC00D6D75F /* FifthViewController.swift */,
			);
			path = ProjectPea;
			sourceTree = "<group>";
		};
/* End PBXGroup section */

/* Begin PBXNativeTarget section */
		F1042109251B680C00F45471 /* ProjectPea */ = {
			isa = PBXNativeTarget;
			buildConfigurationList = F104211E251B680E00F45471 /* Build configuration list for PBXNativeTarget "ProjectPea" */;
			buildPhases = (
				F1042106251B680C00F45471 /* Sources */,
				F1042107251B680C00F45471 /* Frameworks */,
				F1042108251B680C00F45471 /* Resources */,
			);
			buildRules = (
			);
			dependencies = (
			);
			name = ProjectPea;
			productName = ProjectPea;
			productReference = F104210A251B680C00F45471 /* ProjectPea.app */;
			productType = "com.apple.product-type.application";
		};
/* End PBXNativeTarget section */

/* Begin PBXProject section */
		F1042102251B680C00F45471 /* Project object */ = {
			isa = PBXProject;
			attributes = {
				LastSwiftUpdateCheck = 1200;
				LastUpgradeCheck = 1200;
				TargetAttributes = {
					F1042109251B680C00F45471 = {
						CreatedOnToolsVersion = 12.0;
					};
				};
			};
			buildConfigurationList = F1042105251B680C00F45471 /* Build configuration list for PBXProject "ProjectPea" */;
			compatibilityVersion = "Xcode 9.3";
			developmentRegion = en;
			hasScannedForEncodings = 0;
			knownRegions = (
				en,
				Base,
			);
			mainGroup = F1042101251B680C00F45471;
			productRefGroup = F104210B251B680C00F45471 /* Products */;
			projectDirPath = "";
			projectRoot = "";
			targets = (
				F1042109251B680C00F45471 /* ProjectPea */,
			);
		};
/* End PBXProject section */

/* Begin PBXResourcesBuildPhase section */
		F1042108251B680C00F45471 /* Resources */ = {
			isa = PBXResourcesBuildPhase;
			buildActionMask = 2147483647;
			files = (
				F104211A251B680E00F45471 /* LaunchScreen.storyboard in Resources */,
				F1042117251B680E00F45471 /* Assets.xcassets in Resources */,
				F1042115251B680C00F45471 /* Main.storyboard in Resources */,
			);
			runOnlyForDeploymentPostprocessing = 0;
		};
/* End PBXResourcesBuildPhase section */

/* Begin PBXSourcesBuildPhase section */
		F1042106251B680C00F45471 /* Sources */ = {
			isa = PBXSourcesBuildPhase;
			buildActionMask = 2147483647;
			files = (
				F108D7DB251CB89600D6D75F /* ForthViewController.swift in Sources */,
				F1042122251B69B500F45471 /* SecondViewController.swift in Sources */,
				F1042112251B680C00F45471 /* ViewController.swift in Sources */,
				F108D7D9251CB87700D6D75F /* ThirdViewController.swift in Sources */,
				F104210E251B680C00F45471 /* AppDelegate.swift in Sources */,
				F1042110251B680C00F45471 /* SceneDelegate.swift in Sources */,
				F108D7DD251CB8AC00D6D75F /* FifthViewController.swift in Sources */,
			);
			runOnlyForDeploymentPostprocessing = 0;
		};
/* End PBXSourcesBuildPhase section */

/* Begin PBXVariantGroup section */
		F1042113251B680C00F45471 /* Main.storyboard */ = {
			isa = PBXVariantGroup;
			children = (
				F1042114251B680C00F45471 /* Base */,
			);
			name = Main.storyboard;
			sourceTree = "<group>";
		};
		F1042118251B680E00F45471 /* LaunchScreen.storyboard */ = {
			isa = PBXVariantGroup;
			children = (
				F1042119251B680E00F45471 /* Base */,
			);
			name = LaunchScreen.storyboard;
			sourceTree = "<group>";
		};
/* End PBXVariantGroup section */

/* Begin XCBuildConfiguration section */
		F104211C251B680E00F45471 /* Debug */ = {
			isa = XCBuildConfiguration;
			buildSettings = {
				ALWAYS_SEARCH_USER_PATHS = NO;
				CLANG_ANALYZER_NONNULL = YES;
				CLANG_ANALYZER_NUMBER_OBJECT_CONVERSION = YES_AGGRESSIVE;
				CLANG_CXX_LANGUAGE_STANDARD = "gnu++14";
				CLANG_CXX_LIBRARY = "libc++";
				CLANG_ENABLE_MODULES = YES;
				CLANG_ENABLE_OBJC_ARC = YES;
				CLANG_ENABLE_OBJC_WEAK = YES;
				CLANG_WARN_BLOCK_CAPTURE_AUTORELEASING = YES;
				CLANG_WARN_BOOL_CONVERSION = YES;
				CLANG_WARN_COMMA = YES;
				CLANG_WARN_CONSTANT_CONVERSION = YES;
				CLANG_WARN_DEPRECATED_OBJC_IMPLEMENTATIONS = YES;
				CLANG_WARN_DIRECT_OBJC_ISA_USAGE = YES_ERROR;
				CLANG_WARN_DOCUMENTATION_COMMENTS = YES;
				CLANG_WARN_EMPTY_BODY = YES;
				CLANG_WARN_ENUM_CONVERSION = YES;
				CLANG_WARN_INFINITE_RECURSION = YES;
				CLANG_WARN_INT_CONVERSION = YES;
				CLANG_WARN_NON_LITERAL_NULL_CONVERSION = YES;
				CLANG_WARN_OBJC_IMPLICIT_RETAIN_SELF = YES;
				CLANG_WARN_OBJC_LITERAL_CONVERSION = YES;
				CLANG_WARN_OBJC_ROOT_CLASS = YES_ERROR;
				CLANG_WARN_QUOTED_INCLUDE_IN_FRAMEWORK_HEADER = YES;
				CLANG_WARN_RANGE_LOOP_ANALYSIS = YES;
				CLANG_WARN_STRICT_PROTOTYPES = YES;
				CLANG_WARN_SUSPICIOUS_MOVE = YES;
				CLANG_WARN_UNGUARDED_AVAILABILITY = YES_AGGRESSIVE;
				CLANG_WARN_UNREACHABLE_CODE = YES;
				CLANG_WARN__DUPLICATE_METHOD_MATCH = YES;
				COPY_PHASE_STRIP = NO;
				DEBUG_INFORMATION_FORMAT = dwarf;
				ENABLE_STRICT_OBJC_MSGSEND = YES;
				ENABLE_TESTABILITY = YES;
				GCC_C_LANGUAGE_STANDARD = gnu11;
				GCC_DYNAMIC_NO_PIC = NO;
				GCC_NO_COMMON_BLOCKS = YES;
				GCC_OPTIMIZATION_LEVEL = 0;
				GCC_PREPROCESSOR_DEFINITIONS = (
					"DEBUG=1",
					"$(inherited)",
				);
				GCC_WARN_64_TO_32_BIT_CONVERSION = YES;
				GCC_WARN_ABOUT_RETURN_TYPE = YES_ERROR;
				GCC_WARN_UNDECLARED_SELECTOR = YES;
				GCC_WARN_UNINITIALIZED_AUTOS = YES_AGGRESSIVE;
				GCC_WARN_UNUSED_FUNCTION = YES;
				GCC_WARN_UNUSED_VARIABLE = YES;
				IPHONEOS_DEPLOYMENT_TARGET = 14.0;
				MTL_ENABLE_DEBUG_INFO = INCLUDE_SOURCE;
				MTL_FAST_MATH = YES;
				ONLY_ACTIVE_ARCH = YES;
				SDKROOT = iphoneos;
				SWIFT_ACTIVE_COMPILATION_CONDITIONS = DEBUG;
				SWIFT_OPTIMIZATION_LEVEL = "-Onone";
			};
			name = Debug;
		};
		F104211D251B680E00F45471 /* Release */ = {
			isa = XCBuildConfiguration;
			buildSettings = {
				ALWAYS_SEARCH_USER_PATHS = NO;
				CLANG_ANALYZER_NONNULL = YES;
				CLANG_ANALYZER_NUMBER_OBJECT_CONVERSION = YES_AGGRESSIVE;
				CLANG_CXX_LANGUAGE_STANDARD = "gnu++14";
				CLANG_CXX_LIBRARY = "libc++";
				CLANG_ENABLE_MODULES = YES;
				CLANG_ENABLE_OBJC_ARC = YES;
				CLANG_ENABLE_OBJC_WEAK = YES;
				CLANG_WARN_BLOCK_CAPTURE_AUTORELEASING = YES;
				CLANG_WARN_BOOL_CONVERSION = YES;
				CLANG_WARN_COMMA = YES;
				CLANG_WARN_CONSTANT_CONVERSION = YES;
				CLANG_WARN_DEPRECATED_OBJC_IMPLEMENTATIONS = YES;
				CLANG_WARN_DIRECT_OBJC_ISA_USAGE = YES_ERROR;
				CLANG_WARN_DOCUMENTATION_COMMENTS = YES;
				CLANG_WARN_EMPTY_BODY = YES;
				CLANG_WARN_ENUM_CONVERSION = YES;
				CLANG_WARN_INFINITE_RECURSION = YES;
				CLANG_WARN_INT_CONVERSION = YES;
				CLANG_WARN_NON_LITERAL_NULL_CONVERSION = YES;
				CLANG_WARN_OBJC_IMPLICIT_RETAIN_SELF = YES;
				CLANG_WARN_OBJC_LITERAL_CONVERSION = YES;
				CLANG_WARN_OBJC_ROOT_CLASS = YES_ERROR;
				CLANG_WARN_QUOTED_INCLUDE_IN_FRAMEWORK_HEADER = YES;
				CLANG_WARN_RANGE_LOOP_ANALYSIS = YES;
				CLANG_WARN_STRICT_PROTOTYPES = YES;
				CLANG_WARN_SUSPICIOUS_MOVE = YES;
				CLANG_WARN_UNGUARDED_AVAILABILITY = YES_AGGRESSIVE;
				CLANG_WARN_UNREACHABLE_CODE = YES;
				CLANG_WARN__DUPLICATE_METHOD_MATCH = YES;
				COPY_PHASE_STRIP = NO;
				DEBUG_INFORMATION_FORMAT = "dwarf-with-dsym";
				ENABLE_NS_ASSERTIONS = NO;
				ENABLE_STRICT_OBJC_MSGSEND = YES;
				GCC_C_LANGUAGE_STANDARD = gnu11;
				GCC_NO_COMMON_BLOCKS = YES;
				GCC_WARN_64_TO_32_BIT_CONVERSION = YES;
				GCC_WARN_ABOUT_RETURN_TYPE = YES_ERROR;
				GCC_WARN_UNDECLARED_SELECTOR = YES;
				GCC_WARN_UNINITIALIZED_AUTOS = YES_AGGRESSIVE;
				GCC_WARN_UNUSED_FUNCTION = YES;
				GCC_WARN_UNUSED_VARIABLE = YES;
				IPHONEOS_DEPLOYMENT_TARGET = 14.0;
				MTL_ENABLE_DEBUG_INFO = NO;
				MTL_FAST_MATH = YES;
				SDKROOT = iphoneos;
				SWIFT_COMPILATION_MODE = wholemodule;
				SWIFT_OPTIMIZATION_LEVEL = "-O";
				VALIDATE_PRODUCT = YES;
			};
			name = Release;
		};
		F104211F251B680E00F45471 /* Debug */ = {
			isa = XCBuildConfiguration;
			buildSettings = {
				ASSETCATALOG_COMPILER_APPICON_NAME = AppIcon;
				ASSETCATALOG_COMPILER_GLOBAL_ACCENT_COLOR_NAME = AccentColor;
				CODE_SIGN_STYLE = Automatic;
				DEVELOPMENT_TEAM = 6JW3YQAPPF;
				INFOPLIST_FILE = ProjectPea/Info.plist;
				LD_RUNPATH_SEARCH_PATHS = (
					"$(inherited)",
					"@executable_path/Frameworks",
				);
				PRODUCT_BUNDLE_IDENTIFIER = me.altmurzilka.ProjectPea;
				PRODUCT_NAME = "$(TARGET_NAME)";
				SWIFT_VERSION = 5.0;
				TARGETED_DEVICE_FAMILY = "1,2";
			};
			name = Debug;
		};
		F1042120251B680E00F45471 /* Release */ = {
			isa = XCBuildConfiguration;
			buildSettings = {
				ASSETCATALOG_COMPILER_APPICON_NAME = AppIcon;
				ASSETCATALOG_COMPILER_GLOBAL_ACCENT_COLOR_NAME = AccentColor;
				CODE_SIGN_STYLE = Automatic;
				DEVELOPMENT_TEAM = 6JW3YQAPPF;
				INFOPLIST_FILE = ProjectPea/Info.plist;
				LD_RUNPATH_SEARCH_PATHS = (
					"$(inherited)",
					"@executable_path/Frameworks",
				);
				PRODUCT_BUNDLE_IDENTIFIER = me.altmurzilka.ProjectPea;
				PRODUCT_NAME = "$(TARGET_NAME)";
				SWIFT_VERSION = 5.0;
				TARGETED_DEVICE_FAMILY = "1,2";
			};
			name = Release;
		};
/* End XCBuildConfiguration section */

/* Begin XCConfigurationList section */
		F1042105251B680C00F45471 /* Build configuration list for PBXProject "ProjectPea" */ = {
			isa = XCConfigurationList;
			buildConfigurations = (
				F104211C251B680E00F45471 /* Debug */,
				F104211D251B680E00F45471 /* Release */,
			);
			defaultConfigurationIsVisible = 0;
			defaultConfigurationName = Release;
		};
		F104211E251B680E00F45471 /* Build configuration list for PBXNativeTarget "ProjectPea" */ = {
			isa = XCConfigurationList;
			buildConfigurations = (
				F104211F251B680E00F45471 /* Debug */,
				F1042120251B680E00F45471 /* Release */,
			);
			defaultConfigurationIsVisible = 0;
			defaultConfigurationName = Release;
		};
/* End XCConfigurationList section */
	};
	rootObject = F1042102251B680C00F45471 /* Project object */;
}
