// !$*UTF8*$!
{
	archiveVersion = 1;
	classes = {
	};
	objectVersion = 50;
	objects = {

/* Begin PBXBuildFile section */
		F1093DEA255AF600009EC63C /* AppDelegate.swift in Sources */ = {isa = PBXBuildFile; fileRef = F1093DE9255AF600009EC63C /* AppDelegate.swift */; };
		F1093DEC255AF600009EC63C /* SceneDelegate.swift in Sources */ = {isa = PBXBuildFile; fileRef = F1093DEB255AF600009EC63C /* SceneDelegate.swift */; };
		F1093DEE255AF600009EC63C /* ViewController.swift in Sources */ = {isa = PBXBuildFile; fileRef = F1093DED255AF600009EC63C /* ViewController.swift */; };
		F1093DF1255AF600009EC63C /* Main.storyboard in Resources */ = {isa = PBXBuildFile; fileRef = F1093DEF255AF600009EC63C /* Main.storyboard */; };
		F1093DF3255AF602009EC63C /* Assets.xcassets in Resources */ = {isa = PBXBuildFile; fileRef = F1093DF2255AF602009EC63C /* Assets.xcassets */; };
		F1093DF6255AF602009EC63C /* LaunchScreen.storyboard in Resources */ = {isa = PBXBuildFile; fileRef = F1093DF4255AF602009EC63C /* LaunchScreen.storyboard */; };
		F1093DFF255AFA16009EC63C /* CustomTableViewCell.swift in Sources */ = {isa = PBXBuildFile; fileRef = F1093DFE255AFA16009EC63C /* CustomTableViewCell.swift */; };
/* End PBXBuildFile section */

/* Begin PBXFileReference section */
		F1093DE6255AF600009EC63C /* ProjectTableView.app */ = {isa = PBXFileReference; explicitFileType = wrapper.application; includeInIndex = 0; path = ProjectTableView.app; sourceTree = BUILT_PRODUCTS_DIR; };
		F1093DE9255AF600009EC63C /* AppDelegate.swift */ = {isa = PBXFileReference; lastKnownFileType = sourcecode.swift; path = AppDelegate.swift; sourceTree = "<group>"; };
		F1093DEB255AF600009EC63C /* SceneDelegate.swift */ = {isa = PBXFileReference; lastKnownFileType = sourcecode.swift; path = SceneDelegate.swift; sourceTree = "<group>"; };
		F1093DED255AF600009EC63C /* ViewController.swift */ = {isa = PBXFileReference; lastKnownFileType = sourcecode.swift; path = ViewController.swift; sourceTree = "<group>"; };
		F1093DF0255AF600009EC63C /* Base */ = {isa = PBXFileReference; lastKnownFileType = file.storyboard; name = Base; path = Base.lproj/Main.storyboard; sourceTree = "<group>"; };
		F1093DF2255AF602009EC63C /* Assets.xcassets */ = {isa = PBXFileReference; lastKnownFileType = folder.assetcatalog; path = Assets.xcassets; sourceTree = "<group>"; };
		F1093DF5255AF602009EC63C /* Base */ = {isa = PBXFileReference; lastKnownFileType = file.storyboard; name = Base; path = Base.lproj/LaunchScreen.storyboard; sourceTree = "<group>"; };
		F1093DF7255AF602009EC63C /* Info.plist */ = {isa = PBXFileReference; lastKnownFileType = text.plist.xml; path = Info.plist; sourceTree = "<group>"; };
		F1093DFE255AFA16009EC63C /* CustomTableViewCell.swift */ = {isa = PBXFileReference; lastKnownFileType = sourcecode.swift; path = CustomTableViewCell.swift; sourceTree = "<group>"; };
/* End PBXFileReference section */

/* Begin PBXFrameworksBuildPhase section */
		F1093DE3255AF600009EC63C /* Frameworks */ = {
			isa = PBXFrameworksBuildPhase;
			buildActionMask = 2147483647;
			files = (
			);
			runOnlyForDeploymentPostprocessing = 0;
		};
/* End PBXFrameworksBuildPhase section */

/* Begin PBXGroup section */
		F1093DDD255AF600009EC63C = {
			isa = PBXGroup;
			children = (
				F1093DE8255AF600009EC63C /* ProjectTableView */,
				F1093DE7255AF600009EC63C /* Products */,
			);
			sourceTree = "<group>";
		};
		F1093DE7255AF600009EC63C /* Products */ = {
			isa = PBXGroup;
			children = (
				F1093DE6255AF600009EC63C /* ProjectTableView.app */,
			);
			name = Products;
			sourceTree = "<group>";
		};
		F1093DE8255AF600009EC63C /* ProjectTableView */ = {
			isa = PBXGroup;
			children = (
				F1093DFD255AF95B009EC63C /* Cells */,
				F1093DE9255AF600009EC63C /* AppDelegate.swift */,
				F1093DEB255AF600009EC63C /* SceneDelegate.swift */,
				F1093DED255AF600009EC63C /* ViewController.swift */,
				F1093DEF255AF600009EC63C /* Main.storyboard */,
				F1093DF2255AF602009EC63C /* Assets.xcassets */,
				F1093DF4255AF602009EC63C /* LaunchScreen.storyboard */,
				F1093DF7255AF602009EC63C /* Info.plist */,
			);
			path = ProjectTableView;
			sourceTree = "<group>";
		};
		F1093DFD255AF95B009EC63C /* Cells */ = {
			isa = PBXGroup;
			children = (
				F1093DFE255AFA16009EC63C /* CustomTableViewCell.swift */,
			);
			path = Cells;
			sourceTree = "<group>";
		};
/* End PBXGroup section */

/* Begin PBXNativeTarget section */
		F1093DE5255AF600009EC63C /* ProjectTableView */ = {
			isa = PBXNativeTarget;
			buildConfigurationList = F1093DFA255AF602009EC63C /* Build configuration list for PBXNativeTarget "ProjectTableView" */;
			buildPhases = (
				F1093DE2255AF600009EC63C /* Sources */,
				F1093DE3255AF600009EC63C /* Frameworks */,
				F1093DE4255AF600009EC63C /* Resources */,
			);
			buildRules = (
			);
			dependencies = (
			);
			name = ProjectTableView;
			productName = ProjectTableView;
			productReference = F1093DE6255AF600009EC63C /* ProjectTableView.app */;
			productType = "com.apple.product-type.application";
		};
/* End PBXNativeTarget section */

/* Begin PBXProject section */
		F1093DDE255AF600009EC63C /* Project object */ = {
			isa = PBXProject;
			attributes = {
				LastSwiftUpdateCheck = 1200;
				LastUpgradeCheck = 1200;
				TargetAttributes = {
					F1093DE5255AF600009EC63C = {
						CreatedOnToolsVersion = 12.0;
					};
				};
			};
			buildConfigurationList = F1093DE1255AF600009EC63C /* Build configuration list for PBXProject "ProjectTableView" */;
			compatibilityVersion = "Xcode 9.3";
			developmentRegion = en;
			hasScannedForEncodings = 0;
			knownRegions = (
				en,
				Base,
			);
			mainGroup = F1093DDD255AF600009EC63C;
			productRefGroup = F1093DE7255AF600009EC63C /* Products */;
			projectDirPath = "";
			projectRoot = "";
			targets = (
				F1093DE5255AF600009EC63C /* ProjectTableView */,
			);
		};
/* End PBXProject section */

/* Begin PBXResourcesBuildPhase section */
		F1093DE4255AF600009EC63C /* Resources */ = {
			isa = PBXResourcesBuildPhase;
			buildActionMask = 2147483647;
			files = (
				F1093DF6255AF602009EC63C /* LaunchScreen.storyboard in Resources */,
				F1093DF3255AF602009EC63C /* Assets.xcassets in Resources */,
				F1093DF1255AF600009EC63C /* Main.storyboard in Resources */,
			);
			runOnlyForDeploymentPostprocessing = 0;
		};
/* End PBXResourcesBuildPhase section */

/* Begin PBXSourcesBuildPhase section */
		F1093DE2255AF600009EC63C /* Sources */ = {
			isa = PBXSourcesBuildPhase;
			buildActionMask = 2147483647;
			files = (
				F1093DEE255AF600009EC63C /* ViewController.swift in Sources */,
				F1093DEA255AF600009EC63C /* AppDelegate.swift in Sources */,
				F1093DFF255AFA16009EC63C /* CustomTableViewCell.swift in Sources */,
				F1093DEC255AF600009EC63C /* SceneDelegate.swift in Sources */,
			);
			runOnlyForDeploymentPostprocessing = 0;
		};
/* End PBXSourcesBuildPhase section */

/* Begin PBXVariantGroup section */
		F1093DEF255AF600009EC63C /* Main.storyboard */ = {
			isa = PBXVariantGroup;
			children = (
				F1093DF0255AF600009EC63C /* Base */,
			);
			name = Main.storyboard;
			sourceTree = "<group>";
		};
		F1093DF4255AF602009EC63C /* LaunchScreen.storyboard */ = {
			isa = PBXVariantGroup;
			children = (
				F1093DF5255AF602009EC63C /* Base */,
			);
			name = LaunchScreen.storyboard;
			sourceTree = "<group>";
		};
/* End PBXVariantGroup section */

/* Begin XCBuildConfiguration section */
		F1093DF8255AF602009EC63C /* Debug */ = {
			isa = XCBuildConfiguration;
			buildSettings = {
				ALWAYS_SEARCH_USER_PATHS = NO;
				CLANG_ANALYZER_NONNULL = YES;
				CLANG_ANALYZER_NUMBER_OBJECT_CONVERSION = YES_AGGRESSIVE;
				CLANG_CXX_LANGUAGE_STANDARD = "gnu++14";
				CLANG_CXX_LIBRARY = "libc++";
				CLANG_ENABLE_MODULES = YES;
				CLANG_ENABLE_OBJC_ARC = YES;
				CLANG_ENABLE_OBJC_WEAK = YES;
				CLANG_WARN_BLOCK_CAPTURE_AUTORELEASING = YES;
				CLANG_WARN_BOOL_CONVERSION = YES;
				CLANG_WARN_COMMA = YES;
				CLANG_WARN_CONSTANT_CONVERSION = YES;
				CLANG_WARN_DEPRECATED_OBJC_IMPLEMENTATIONS = YES;
				CLANG_WARN_DIRECT_OBJC_ISA_USAGE = YES_ERROR;
				CLANG_WARN_DOCUMENTATION_COMMENTS = YES;
				CLANG_WARN_EMPTY_BODY = YES;
				CLANG_WARN_ENUM_CONVERSION = YES;
				CLANG_WARN_INFINITE_RECURSION = YES;
				CLANG_WARN_INT_CONVERSION = YES;
				CLANG_WARN_NON_LITERAL_NULL_CONVERSION = YES;
				CLANG_WARN_OBJC_IMPLICIT_RETAIN_SELF = YES;
				CLANG_WARN_OBJC_LITERAL_CONVERSION = YES;
				CLANG_WARN_OBJC_ROOT_CLASS = YES_ERROR;
				CLANG_WARN_QUOTED_INCLUDE_IN_FRAMEWORK_HEADER = YES;
				CLANG_WARN_RANGE_LOOP_ANALYSIS = YES;
				CLANG_WARN_STRICT_PROTOTYPES = YES;
				CLANG_WARN_SUSPICIOUS_MOVE = YES;
				CLANG_WARN_UNGUARDED_AVAILABILITY = YES_AGGRESSIVE;
				CLANG_WARN_UNREACHABLE_CODE = YES;
				CLANG_WARN__DUPLICATE_METHOD_MATCH = YES;
				COPY_PHASE_STRIP = NO;
				DEBUG_INFORMATION_FORMAT = dwarf;
				ENABLE_STRICT_OBJC_MSGSEND = YES;
				ENABLE_TESTABILITY = YES;
				GCC_C_LANGUAGE_STANDARD = gnu11;
				GCC_DYNAMIC_NO_PIC = NO;
				GCC_NO_COMMON_BLOCKS = YES;
				GCC_OPTIMIZATION_LEVEL = 0;
				GCC_PREPROCESSOR_DEFINITIONS = (
					"DEBUG=1",
					"$(inherited)",
				);
				GCC_WARN_64_TO_32_BIT_CONVERSION = YES;
				GCC_WARN_ABOUT_RETURN_TYPE = YES_ERROR;
				GCC_WARN_UNDECLARED_SELECTOR = YES;
				GCC_WARN_UNINITIALIZED_AUTOS = YES_AGGRESSIVE;
				GCC_WARN_UNUSED_FUNCTION = YES;
				GCC_WARN_UNUSED_VARIABLE = YES;
				IPHONEOS_DEPLOYMENT_TARGET = 14.0;
				MTL_ENABLE_DEBUG_INFO = INCLUDE_SOURCE;
				MTL_FAST_MATH = YES;
				ONLY_ACTIVE_ARCH = YES;
				SDKROOT = iphoneos;
				SWIFT_ACTIVE_COMPILATION_CONDITIONS = DEBUG;
				SWIFT_OPTIMIZATION_LEVEL = "-Onone";
			};
			name = Debug;
		};
		F1093DF9255AF602009EC63C /* Release */ = {
			isa = XCBuildConfiguration;
			buildSettings = {
				ALWAYS_SEARCH_USER_PATHS = NO;
				CLANG_ANALYZER_NONNULL = YES;
				CLANG_ANALYZER_NUMBER_OBJECT_CONVERSION = YES_AGGRESSIVE;
				CLANG_CXX_LANGUAGE_STANDARD = "gnu++14";
				CLANG_CXX_LIBRARY = "libc++";
				CLANG_ENABLE_MODULES = YES;
				CLANG_ENABLE_OBJC_ARC = YES;
				CLANG_ENABLE_OBJC_WEAK = YES;
				CLANG_WARN_BLOCK_CAPTURE_AUTORELEASING = YES;
				CLANG_WARN_BOOL_CONVERSION = YES;
				CLANG_WARN_COMMA = YES;
				CLANG_WARN_CONSTANT_CONVERSION = YES;
				CLANG_WARN_DEPRECATED_OBJC_IMPLEMENTATIONS = YES;
				CLANG_WARN_DIRECT_OBJC_ISA_USAGE = YES_ERROR;
				CLANG_WARN_DOCUMENTATION_COMMENTS = YES;
				CLANG_WARN_EMPTY_BODY = YES;
				CLANG_WARN_ENUM_CONVERSION = YES;
				CLANG_WARN_INFINITE_RECURSION = YES;
				CLANG_WARN_INT_CONVERSION = YES;
				CLANG_WARN_NON_LITERAL_NULL_CONVERSION = YES;
				CLANG_WARN_OBJC_IMPLICIT_RETAIN_SELF = YES;
				CLANG_WARN_OBJC_LITERAL_CONVERSION = YES;
				CLANG_WARN_OBJC_ROOT_CLASS = YES_ERROR;
				CLANG_WARN_QUOTED_INCLUDE_IN_FRAMEWORK_HEADER = YES;
				CLANG_WARN_RANGE_LOOP_ANALYSIS = YES;
				CLANG_WARN_STRICT_PROTOTYPES = YES;
				CLANG_WARN_SUSPICIOUS_MOVE = YES;
				CLANG_WARN_UNGUARDED_AVAILABILITY = YES_AGGRESSIVE;
				CLANG_WARN_UNREACHABLE_CODE = YES;
				CLANG_WARN__DUPLICATE_METHOD_MATCH = YES;
				COPY_PHASE_STRIP = NO;
				DEBUG_INFORMATION_FORMAT = "dwarf-with-dsym";
				ENABLE_NS_ASSERTIONS = NO;
				ENABLE_STRICT_OBJC_MSGSEND = YES;
				GCC_C_LANGUAGE_STANDARD = gnu11;
				GCC_NO_COMMON_BLOCKS = YES;
				GCC_WARN_64_TO_32_BIT_CONVERSION = YES;
				GCC_WARN_ABOUT_RETURN_TYPE = YES_ERROR;
				GCC_WARN_UNDECLARED_SELECTOR = YES;
				GCC_WARN_UNINITIALIZED_AUTOS = YES_AGGRESSIVE;
				GCC_WARN_UNUSED_FUNCTION = YES;
				GCC_WARN_UNUSED_VARIABLE = YES;
				IPHONEOS_DEPLOYMENT_TARGET = 14.0;
				MTL_ENABLE_DEBUG_INFO = NO;
				MTL_FAST_MATH = YES;
				SDKROOT = iphoneos;
				SWIFT_COMPILATION_MODE = wholemodule;
				SWIFT_OPTIMIZATION_LEVEL = "-O";
				VALIDATE_PRODUCT = YES;
			};
			name = Release;
		};
		F1093DFB255AF602009EC63C /* Debug */ = {
			isa = XCBuildConfiguration;
			buildSettings = {
				ASSETCATALOG_COMPILER_APPICON_NAME = AppIcon;
				ASSETCATALOG_COMPILER_GLOBAL_ACCENT_COLOR_NAME = AccentColor;
				CODE_SIGN_STYLE = Automatic;
				DEVELOPMENT_TEAM = 6JW3YQAPPF;
				INFOPLIST_FILE = ProjectTableView/Info.plist;
				LD_RUNPATH_SEARCH_PATHS = (
					"$(inherited)",
					"@executable_path/Frameworks",
				);
				PRODUCT_BUNDLE_IDENTIFIER = me.altmurzilka.ProjectTableView;
				PRODUCT_NAME = "$(TARGET_NAME)";
				SWIFT_VERSION = 5.0;
				TARGETED_DEVICE_FAMILY = "1,2";
			};
			name = Debug;
		};
		F1093DFC255AF602009EC63C /* Release */ = {
			isa = XCBuildConfiguration;
			buildSettings = {
				ASSETCATALOG_COMPILER_APPICON_NAME = AppIcon;
				ASSETCATALOG_COMPILER_GLOBAL_ACCENT_COLOR_NAME = AccentColor;
				CODE_SIGN_STYLE = Automatic;
				DEVELOPMENT_TEAM = 6JW3YQAPPF;
				INFOPLIST_FILE = ProjectTableView/Info.plist;
				LD_RUNPATH_SEARCH_PATHS = (
					"$(inherited)",
					"@executable_path/Frameworks",
				);
				PRODUCT_BUNDLE_IDENTIFIER = me.altmurzilka.ProjectTableView;
				PRODUCT_NAME = "$(TARGET_NAME)";
				SWIFT_VERSION = 5.0;
				TARGETED_DEVICE_FAMILY = "1,2";
			};
			name = Release;
		};
/* End XCBuildConfiguration section */

/* Begin XCConfigurationList section */
		F1093DE1255AF600009EC63C /* Build configuration list for PBXProject "ProjectTableView" */ = {
			isa = XCConfigurationList;
			buildConfigurations = (
				F1093DF8255AF602009EC63C /* Debug */,
				F1093DF9255AF602009EC63C /* Release */,
			);
			defaultConfigurationIsVisible = 0;
			defaultConfigurationName = Release;
		};
		F1093DFA255AF602009EC63C /* Build configuration list for PBXNativeTarget "ProjectTableView" */ = {
			isa = XCConfigurationList;
			buildConfigurations = (
				F1093DFB255AF602009EC63C /* Debug */,
				F1093DFC255AF602009EC63C /* Release */,
			);
			defaultConfigurationIsVisible = 0;
			defaultConfigurationName = Release;
		};
/* End XCConfigurationList section */
	};
	rootObject = F1093DDE255AF600009EC63C /* Project object */;
}
